
Microsoft Visual Studio Solution File, Format Version 12.00
# Visual Studio Version 16
VisualStudioVersion = 16.0.31829.152
MinimumVisualStudioVersion = 10.0.40219.1
Project("{FAE04EC0-301F-11D3-BF4B-00C04F79EFBC}") = "VS19.1.1", "VS19.1.1\VS19.1.1.csproj", "{55E963B8-9C39-470E-BD6B-19CE801F18E4}"
EndProject
Global
	GlobalSection(SolutionConfigurationPlatforms) = preSolution
		Debug|Any CPU = Debug|Any CPU
		Release|Any CPU = Release|Any CPU
	EndGlobalSection
	GlobalSection(ProjectConfigurationPlatforms) = postSolution
		{55E963B8-9C39-470E-BD6B-19CE801F18E4}.Debug|Any CPU.ActiveCfg = Debug|Any CPU
		{55E963B8-9C39-470E-BD6B-19CE801F18E4}.Debug|Any CPU.Build.0 = Debug|Any CPU
		{55E963B8-9C39-470E-BD6B-19CE801F18E4}.Release|Any CPU.ActiveCfg = Release|Any CPU
		{55E963B8-9C39-470E-BD6B-19CE801F18E4}.Release|Any CPU.Build.0 = Release|Any CPU
	EndGlobalSection
	GlobalSection(SolutionProperties) = preSolution
		HideSolutionNode = FALSE
	EndGlobalSection
	GlobalSection(ExtensibilityGlobals) = postSolution
		SolutionGuid = {E43C53C4-480A-4A54-93E1-72300EC15483}
	EndGlobalSection
EndGlobal
